// !$*UTF8*$!
{
	archiveVersion = 1;
	classes = {
	};
	objectVersion = 56;
	objects = {

/* Begin PBXBuildFile section */
		3152784B29DC003E000479CC /* Assets.xcassets in Resources */ = {isa = PBXBuildFile; fileRef = 3152784A29DC003E000479CC /* Assets.xcassets */; };
		3152784E29DC15A1000479CC /* Double+Extensions.swift in Sources */ = {isa = PBXBuildFile; fileRef = 3152784D29DC15A1000479CC /* Double+Extensions.swift */; };
		3152785029DC1C0F000479CC /* BaseViewController.swift in Sources */ = {isa = PBXBuildFile; fileRef = 3152784F29DC1C0E000479CC /* BaseViewController.swift */; };
		3198B6C429DB4DC800907C9B /* AppDelegate.swift in Sources */ = {isa = PBXBuildFile; fileRef = 3198B6C329DB4DC800907C9B /* AppDelegate.swift */; };
		3198B6C629DB4DC800907C9B /* SceneDelegate.swift in Sources */ = {isa = PBXBuildFile; fileRef = 3198B6C529DB4DC800907C9B /* SceneDelegate.swift */; };
		3198B6C829DB4DC800907C9B /* WeatherViewController.swift in Sources */ = {isa = PBXBuildFile; fileRef = 3198B6C729DB4DC800907C9B /* WeatherViewController.swift */; };
		3198B6CB29DB4DC800907C9B /* Main.storyboard in Resources */ = {isa = PBXBuildFile; fileRef = 3198B6C929DB4DC800907C9B /* Main.storyboard */; };
		3198B6D029DB4DCA00907C9B /* LaunchScreen.storyboard in Resources */ = {isa = PBXBuildFile; fileRef = 3198B6CE29DB4DCA00907C9B /* LaunchScreen.storyboard */; };
		3198B6DB29DB4DCA00907C9B /* WeatherForWeeraTests.swift in Sources */ = {isa = PBXBuildFile; fileRef = 3198B6DA29DB4DCA00907C9B /* WeatherForWeeraTests.swift */; };
		3198B6F629DB587A00907C9B /* SearchViewController.swift in Sources */ = {isa = PBXBuildFile; fileRef = 3198B6F529DB587A00907C9B /* SearchViewController.swift */; };
		3198B6F929DB5DAE00907C9B /* CityTableViewCell.swift in Sources */ = {isa = PBXBuildFile; fileRef = 3198B6F829DB5DAE00907C9B /* CityTableViewCell.swift */; };
		3198B6FC29DB66CD00907C9B /* WeatherData.swift in Sources */ = {isa = PBXBuildFile; fileRef = 3198B6FB29DB66CD00907C9B /* WeatherData.swift */; };
		3198B6FE29DB678600907C9B /* CityManager.swift in Sources */ = {isa = PBXBuildFile; fileRef = 3198B6FD29DB678600907C9B /* CityManager.swift */; };
/* End PBXBuildFile section */

/* Begin PBXContainerItemProxy section */
		3198B6D729DB4DCA00907C9B /* PBXContainerItemProxy */ = {
			isa = PBXContainerItemProxy;
			containerPortal = 3198B6B829DB4DC800907C9B /* Project object */;
			proxyType = 1;
			remoteGlobalIDString = 3198B6BF29DB4DC800907C9B;
			remoteInfo = WeatherForWeera;
		};
/* End PBXContainerItemProxy section */

/* Begin PBXFileReference section */
		3152784A29DC003E000479CC /* Assets.xcassets */ = {isa = PBXFileReference; lastKnownFileType = folder.assetcatalog; path = Assets.xcassets; sourceTree = "<group>"; };
		3152784D29DC15A1000479CC /* Double+Extensions.swift */ = {isa = PBXFileReference; lastKnownFileType = sourcecode.swift; path = "Double+Extensions.swift"; sourceTree = "<group>"; };
		3152784F29DC1C0E000479CC /* BaseViewController.swift */ = {isa = PBXFileReference; lastKnownFileType = sourcecode.swift; path = BaseViewController.swift; sourceTree = "<group>"; };
		3198B6C029DB4DC800907C9B /* WeatherForWeera.app */ = {isa = PBXFileReference; explicitFileType = wrapper.application; includeInIndex = 0; path = WeatherForWeera.app; sourceTree = BUILT_PRODUCTS_DIR; };
		3198B6C329DB4DC800907C9B /* AppDelegate.swift */ = {isa = PBXFileReference; lastKnownFileType = sourcecode.swift; path = AppDelegate.swift; sourceTree = "<group>"; };
		3198B6C529DB4DC800907C9B /* SceneDelegate.swift */ = {isa = PBXFileReference; lastKnownFileType = sourcecode.swift; path = SceneDelegate.swift; sourceTree = "<group>"; };
		3198B6C729DB4DC800907C9B /* WeatherViewController.swift */ = {isa = PBXFileReference; lastKnownFileType = sourcecode.swift; path = WeatherViewController.swift; sourceTree = "<group>"; };
		3198B6CA29DB4DC800907C9B /* Base */ = {isa = PBXFileReference; lastKnownFileType = file.storyboard; name = Base; path = Base.lproj/Main.storyboard; sourceTree = "<group>"; };
		3198B6CF29DB4DCA00907C9B /* Base */ = {isa = PBXFileReference; lastKnownFileType = file.storyboard; name = Base; path = Base.lproj/LaunchScreen.storyboard; sourceTree = "<group>"; };
		3198B6D129DB4DCA00907C9B /* Info.plist */ = {isa = PBXFileReference; lastKnownFileType = text.plist.xml; path = Info.plist; sourceTree = "<group>"; };
		3198B6D629DB4DCA00907C9B /* WeatherForWeeraTests.xctest */ = {isa = PBXFileReference; explicitFileType = wrapper.cfbundle; includeInIndex = 0; path = WeatherForWeeraTests.xctest; sourceTree = BUILT_PRODUCTS_DIR; };
		3198B6DA29DB4DCA00907C9B /* WeatherForWeeraTests.swift */ = {isa = PBXFileReference; lastKnownFileType = sourcecode.swift; path = WeatherForWeeraTests.swift; sourceTree = "<group>"; };
		3198B6F529DB587A00907C9B /* SearchViewController.swift */ = {isa = PBXFileReference; lastKnownFileType = sourcecode.swift; path = SearchViewController.swift; sourceTree = "<group>"; };
		3198B6F829DB5DAE00907C9B /* CityTableViewCell.swift */ = {isa = PBXFileReference; lastKnownFileType = sourcecode.swift; path = CityTableViewCell.swift; sourceTree = "<group>"; };
		3198B6FB29DB66CD00907C9B /* WeatherData.swift */ = {isa = PBXFileReference; lastKnownFileType = sourcecode.swift; path = WeatherData.swift; sourceTree = "<group>"; };
		3198B6FD29DB678600907C9B /* CityManager.swift */ = {isa = PBXFileReference; lastKnownFileType = sourcecode.swift; path = CityManager.swift; sourceTree = "<group>"; };
/* End PBXFileReference section */

/* Begin PBXFrameworksBuildPhase section */
		3198B6BD29DB4DC800907C9B /* Frameworks */ = {
			isa = PBXFrameworksBuildPhase;
			buildActionMask = 2147483647;
			files = (
			);
			runOnlyForDeploymentPostprocessing = 0;
		};
		3198B6D329DB4DCA00907C9B /* Frameworks */ = {
			isa = PBXFrameworksBuildPhase;
			buildActionMask = 2147483647;
			files = (
			);
			runOnlyForDeploymentPostprocessing = 0;
		};
/* End PBXFrameworksBuildPhase section */

/* Begin PBXGroup section */
		3152784629DBFA37000479CC /* Storyboards */ = {
			isa = PBXGroup;
			children = (
				3198B6C929DB4DC800907C9B /* Main.storyboard */,
				3198B6CE29DB4DCA00907C9B /* LaunchScreen.storyboard */,
			);
			path = Storyboards;
			sourceTree = "<group>";
		};
		3152784729DBFA70000479CC /* Resources */ = {
			isa = PBXGroup;
			children = (
				3198B6D129DB4DCA00907C9B /* Info.plist */,
				3152784A29DC003E000479CC /* Assets.xcassets */,
			);
			path = Resources;
			sourceTree = "<group>";
		};
		3152784C29DC1562000479CC /* Extensions */ = {
			isa = PBXGroup;
			children = (
				3152784D29DC15A1000479CC /* Double+Extensions.swift */,
			);
			path = Extensions;
			sourceTree = "<group>";
		};
		3198B6B729DB4DC800907C9B = {
			isa = PBXGroup;
			children = (
				3198B6C229DB4DC800907C9B /* WeatherForWeera */,
				3198B6D929DB4DCA00907C9B /* WeatherForWeeraTests */,
				3198B6C129DB4DC800907C9B /* Products */,
			);
			sourceTree = "<group>";
		};
		3198B6C129DB4DC800907C9B /* Products */ = {
			isa = PBXGroup;
			children = (
				3198B6C029DB4DC800907C9B /* WeatherForWeera.app */,
				3198B6D629DB4DCA00907C9B /* WeatherForWeeraTests.xctest */,
			);
			name = Products;
			sourceTree = "<group>";
		};
		3198B6C229DB4DC800907C9B /* WeatherForWeera */ = {
			isa = PBXGroup;
			children = (
				3198B6F329DB52AA00907C9B /* UI */,
				3198B6F429DB545500907C9B /* Managers */,
				3152784629DBFA37000479CC /* Storyboards */,
				3152784C29DC1562000479CC /* Extensions */,
				3152784729DBFA70000479CC /* Resources */,
			);
			path = WeatherForWeera;
			sourceTree = "<group>";
		};
		3198B6D929DB4DCA00907C9B /* WeatherForWeeraTests */ = {
			isa = PBXGroup;
			children = (
				3198B6DA29DB4DCA00907C9B /* WeatherForWeeraTests.swift */,
			);
			path = WeatherForWeeraTests;
			sourceTree = "<group>";
		};
		3198B6F329DB52AA00907C9B /* UI */ = {
			isa = PBXGroup;
			children = (
				3152784F29DC1C0E000479CC /* BaseViewController.swift */,
				3198B6C729DB4DC800907C9B /* WeatherViewController.swift */,
				3198B6F529DB587A00907C9B /* SearchViewController.swift */,
				3198B6FA29DB66BB00907C9B /* Models */,
				3198B6F729DB5D7900907C9B /* CityTableViewCell */,
			);
			path = UI;
			sourceTree = "<group>";
		};
		3198B6F429DB545500907C9B /* Managers */ = {
			isa = PBXGroup;
			children = (
				3198B6C329DB4DC800907C9B /* AppDelegate.swift */,
				3198B6C529DB4DC800907C9B /* SceneDelegate.swift */,
				3198B6FD29DB678600907C9B /* CityManager.swift */,
			);
			path = Managers;
			sourceTree = "<group>";
		};
		3198B6F729DB5D7900907C9B /* CityTableViewCell */ = {
			isa = PBXGroup;
			children = (
				3198B6F829DB5DAE00907C9B /* CityTableViewCell.swift */,
			);
			path = CityTableViewCell;
			sourceTree = "<group>";
		};
		3198B6FA29DB66BB00907C9B /* Models */ = {
			isa = PBXGroup;
			children = (
				3198B6FB29DB66CD00907C9B /* WeatherData.swift */,
			);
			path = Models;
			sourceTree = "<group>";
		};
/* End PBXGroup section */

/* Begin PBXNativeTarget section */
		3198B6BF29DB4DC800907C9B /* WeatherForWeera */ = {
			isa = PBXNativeTarget;
			buildConfigurationList = 3198B6EA29DB4DCA00907C9B /* Build configuration list for PBXNativeTarget "WeatherForWeera" */;
			buildPhases = (
				3198B6BC29DB4DC800907C9B /* Sources */,
				3198B6BD29DB4DC800907C9B /* Frameworks */,
				3198B6BE29DB4DC800907C9B /* Resources */,
			);
			buildRules = (
			);
			dependencies = (
			);
			name = WeatherForWeera;
			productName = WeatherForWeera;
			productReference = 3198B6C029DB4DC800907C9B /* WeatherForWeera.app */;
			productType = "com.apple.product-type.application";
		};
		3198B6D529DB4DCA00907C9B /* WeatherForWeeraTests */ = {
			isa = PBXNativeTarget;
			buildConfigurationList = 3198B6ED29DB4DCA00907C9B /* Build configuration list for PBXNativeTarget "WeatherForWeeraTests" */;
			buildPhases = (
				3198B6D229DB4DCA00907C9B /* Sources */,
				3198B6D329DB4DCA00907C9B /* Frameworks */,
				3198B6D429DB4DCA00907C9B /* Resources */,
			);
			buildRules = (
			);
			dependencies = (
				3198B6D829DB4DCA00907C9B /* PBXTargetDependency */,
			);
			name = WeatherForWeeraTests;
			productName = WeatherForWeeraTests;
			productReference = 3198B6D629DB4DCA00907C9B /* WeatherForWeeraTests.xctest */;
			productType = "com.apple.product-type.bundle.unit-test";
		};
/* End PBXNativeTarget section */

/* Begin PBXProject section */
		3198B6B829DB4DC800907C9B /* Project object */ = {
			isa = PBXProject;
			attributes = {
				BuildIndependentTargetsInParallel = 1;
				LastSwiftUpdateCheck = 1420;
				LastUpgradeCheck = 1420;
				TargetAttributes = {
					3198B6BF29DB4DC800907C9B = {
						CreatedOnToolsVersion = 14.2;
					};
					3198B6D529DB4DCA00907C9B = {
						CreatedOnToolsVersion = 14.2;
						TestTargetID = 3198B6BF29DB4DC800907C9B;
					};
				};
			};
			buildConfigurationList = 3198B6BB29DB4DC800907C9B /* Build configuration list for PBXProject "WeatherForWeera" */;
			compatibilityVersion = "Xcode 14.0";
			developmentRegion = en;
			hasScannedForEncodings = 0;
			knownRegions = (
				en,
				Base,
			);
			mainGroup = 3198B6B729DB4DC800907C9B;
			productRefGroup = 3198B6C129DB4DC800907C9B /* Products */;
			projectDirPath = "";
			projectRoot = "";
			targets = (
				3198B6BF29DB4DC800907C9B /* WeatherForWeera */,
				3198B6D529DB4DCA00907C9B /* WeatherForWeeraTests */,
			);
		};
/* End PBXProject section */

/* Begin PBXResourcesBuildPhase section */
		3198B6BE29DB4DC800907C9B /* Resources */ = {
			isa = PBXResourcesBuildPhase;
			buildActionMask = 2147483647;
			files = (
				3198B6D029DB4DCA00907C9B /* LaunchScreen.storyboard in Resources */,
				3152784B29DC003E000479CC /* Assets.xcassets in Resources */,
				3198B6CB29DB4DC800907C9B /* Main.storyboard in Resources */,
			);
			runOnlyForDeploymentPostprocessing = 0;
		};
		3198B6D429DB4DCA00907C9B /* Resources */ = {
			isa = PBXResourcesBuildPhase;
			buildActionMask = 2147483647;
			files = (
			);
			runOnlyForDeploymentPostprocessing = 0;
		};
/* End PBXResourcesBuildPhase section */

/* Begin PBXSourcesBuildPhase section */
		3198B6BC29DB4DC800907C9B /* Sources */ = {
			isa = PBXSourcesBuildPhase;
			buildActionMask = 2147483647;
			files = (
				3152784E29DC15A1000479CC /* Double+Extensions.swift in Sources */,
				3198B6C829DB4DC800907C9B /* WeatherViewController.swift in Sources */,
				3198B6FE29DB678600907C9B /* CityManager.swift in Sources */,
				3198B6C429DB4DC800907C9B /* AppDelegate.swift in Sources */,
				3198B6FC29DB66CD00907C9B /* WeatherData.swift in Sources */,
				3152785029DC1C0F000479CC /* BaseViewController.swift in Sources */,
				3198B6F929DB5DAE00907C9B /* CityTableViewCell.swift in Sources */,
				3198B6F629DB587A00907C9B /* SearchViewController.swift in Sources */,
				3198B6C629DB4DC800907C9B /* SceneDelegate.swift in Sources */,
			);
			runOnlyForDeploymentPostprocessing = 0;
		};
		3198B6D229DB4DCA00907C9B /* Sources */ = {
			isa = PBXSourcesBuildPhase;
			buildActionMask = 2147483647;
			files = (
				3198B6DB29DB4DCA00907C9B /* WeatherForWeeraTests.swift in Sources */,
			);
			runOnlyForDeploymentPostprocessing = 0;
		};
/* End PBXSourcesBuildPhase section */

/* Begin PBXTargetDependency section */
		3198B6D829DB4DCA00907C9B /* PBXTargetDependency */ = {
			isa = PBXTargetDependency;
			target = 3198B6BF29DB4DC800907C9B /* WeatherForWeera */;
			targetProxy = 3198B6D729DB4DCA00907C9B /* PBXContainerItemProxy */;
		};
/* End PBXTargetDependency section */

/* Begin PBXVariantGroup section */
		3198B6C929DB4DC800907C9B /* Main.storyboard */ = {
			isa = PBXVariantGroup;
			children = (
				3198B6CA29DB4DC800907C9B /* Base */,
			);
			name = Main.storyboard;
			sourceTree = "<group>";
		};
		3198B6CE29DB4DCA00907C9B /* LaunchScreen.storyboard */ = {
			isa = PBXVariantGroup;
			children = (
				3198B6CF29DB4DCA00907C9B /* Base */,
			);
			name = LaunchScreen.storyboard;
			sourceTree = "<group>";
		};
/* End PBXVariantGroup section */

/* Begin XCBuildConfiguration section */
		3198B6E829DB4DCA00907C9B /* Debug */ = {
			isa = XCBuildConfiguration;
			buildSettings = {
				ALWAYS_SEARCH_USER_PATHS = NO;
				CLANG_ANALYZER_NONNULL = YES;
				CLANG_ANALYZER_NUMBER_OBJECT_CONVERSION = YES_AGGRESSIVE;
				CLANG_CXX_LANGUAGE_STANDARD = "gnu++20";
				CLANG_ENABLE_MODULES = YES;
				CLANG_ENABLE_OBJC_ARC = YES;
				CLANG_ENABLE_OBJC_WEAK = YES;
				CLANG_WARN_BLOCK_CAPTURE_AUTORELEASING = YES;
				CLANG_WARN_BOOL_CONVERSION = YES;
				CLANG_WARN_COMMA = YES;
				CLANG_WARN_CONSTANT_CONVERSION = YES;
				CLANG_WARN_DEPRECATED_OBJC_IMPLEMENTATIONS = YES;
				CLANG_WARN_DIRECT_OBJC_ISA_USAGE = YES_ERROR;
				CLANG_WARN_DOCUMENTATION_COMMENTS = YES;
				CLANG_WARN_EMPTY_BODY = YES;
				CLANG_WARN_ENUM_CONVERSION = YES;
				CLANG_WARN_INFINITE_RECURSION = YES;
				CLANG_WARN_INT_CONVERSION = YES;
				CLANG_WARN_NON_LITERAL_NULL_CONVERSION = YES;
				CLANG_WARN_OBJC_IMPLICIT_RETAIN_SELF = YES;
				CLANG_WARN_OBJC_LITERAL_CONVERSION = YES;
				CLANG_WARN_OBJC_ROOT_CLASS = YES_ERROR;
				CLANG_WARN_QUOTED_INCLUDE_IN_FRAMEWORK_HEADER = YES;
				CLANG_WARN_RANGE_LOOP_ANALYSIS = YES;
				CLANG_WARN_STRICT_PROTOTYPES = YES;
				CLANG_WARN_SUSPICIOUS_MOVE = YES;
				CLANG_WARN_UNGUARDED_AVAILABILITY = YES_AGGRESSIVE;
				CLANG_WARN_UNREACHABLE_CODE = YES;
				CLANG_WARN__DUPLICATE_METHOD_MATCH = YES;
				COPY_PHASE_STRIP = NO;
				DEBUG_INFORMATION_FORMAT = dwarf;
				ENABLE_STRICT_OBJC_MSGSEND = YES;
				ENABLE_TESTABILITY = YES;
				GCC_C_LANGUAGE_STANDARD = gnu11;
				GCC_DYNAMIC_NO_PIC = NO;
				GCC_NO_COMMON_BLOCKS = YES;
				GCC_OPTIMIZATION_LEVEL = 0;
				GCC_PREPROCESSOR_DEFINITIONS = (
					"DEBUG=1",
					"$(inherited)",
				);
				GCC_WARN_64_TO_32_BIT_CONVERSION = YES;
				GCC_WARN_ABOUT_RETURN_TYPE = YES_ERROR;
				GCC_WARN_UNDECLARED_SELECTOR = YES;
				GCC_WARN_UNINITIALIZED_AUTOS = YES_AGGRESSIVE;
				GCC_WARN_UNUSED_FUNCTION = YES;
				GCC_WARN_UNUSED_VARIABLE = YES;
				IPHONEOS_DEPLOYMENT_TARGET = 16.2;
				MTL_ENABLE_DEBUG_INFO = INCLUDE_SOURCE;
				MTL_FAST_MATH = YES;
				ONLY_ACTIVE_ARCH = YES;
				SDKROOT = iphoneos;
				SWIFT_ACTIVE_COMPILATION_CONDITIONS = DEBUG;
				SWIFT_OPTIMIZATION_LEVEL = "-Onone";
			};
			name = Debug;
		};
		3198B6E929DB4DCA00907C9B /* Release */ = {
			isa = XCBuildConfiguration;
			buildSettings = {
				ALWAYS_SEARCH_USER_PATHS = NO;
				CLANG_ANALYZER_NONNULL = YES;
				CLANG_ANALYZER_NUMBER_OBJECT_CONVERSION = YES_AGGRESSIVE;
				CLANG_CXX_LANGUAGE_STANDARD = "gnu++20";
				CLANG_ENABLE_MODULES = YES;
				CLANG_ENABLE_OBJC_ARC = YES;
				CLANG_ENABLE_OBJC_WEAK = YES;
				CLANG_WARN_BLOCK_CAPTURE_AUTORELEASING = YES;
				CLANG_WARN_BOOL_CONVERSION = YES;
				CLANG_WARN_COMMA = YES;
				CLANG_WARN_CONSTANT_CONVERSION = YES;
				CLANG_WARN_DEPRECATED_OBJC_IMPLEMENTATIONS = YES;
				CLANG_WARN_DIRECT_OBJC_ISA_USAGE = YES_ERROR;
				CLANG_WARN_DOCUMENTATION_COMMENTS = YES;
				CLANG_WARN_EMPTY_BODY = YES;
				CLANG_WARN_ENUM_CONVERSION = YES;
				CLANG_WARN_INFINITE_RECURSION = YES;
				CLANG_WARN_INT_CONVERSION = YES;
				CLANG_WARN_NON_LITERAL_NULL_CONVERSION = YES;
				CLANG_WARN_OBJC_IMPLICIT_RETAIN_SELF = YES;
				CLANG_WARN_OBJC_LITERAL_CONVERSION = YES;
				CLANG_WARN_OBJC_ROOT_CLASS = YES_ERROR;
				CLANG_WARN_QUOTED_INCLUDE_IN_FRAMEWORK_HEADER = YES;
				CLANG_WARN_RANGE_LOOP_ANALYSIS = YES;
				CLANG_WARN_STRICT_PROTOTYPES = YES;
				CLANG_WARN_SUSPICIOUS_MOVE = YES;
				CLANG_WARN_UNGUARDED_AVAILABILITY = YES_AGGRESSIVE;
				CLANG_WARN_UNREACHABLE_CODE = YES;
				CLANG_WARN__DUPLICATE_METHOD_MATCH = YES;
				COPY_PHASE_STRIP = NO;
				DEBUG_INFORMATION_FORMAT = "dwarf-with-dsym";
				ENABLE_NS_ASSERTIONS = NO;
				ENABLE_STRICT_OBJC_MSGSEND = YES;
				GCC_C_LANGUAGE_STANDARD = gnu11;
				GCC_NO_COMMON_BLOCKS = YES;
				GCC_WARN_64_TO_32_BIT_CONVERSION = YES;
				GCC_WARN_ABOUT_RETURN_TYPE = YES_ERROR;
				GCC_WARN_UNDECLARED_SELECTOR = YES;
				GCC_WARN_UNINITIALIZED_AUTOS = YES_AGGRESSIVE;
				GCC_WARN_UNUSED_FUNCTION = YES;
				GCC_WARN_UNUSED_VARIABLE = YES;
				IPHONEOS_DEPLOYMENT_TARGET = 16.2;
				MTL_ENABLE_DEBUG_INFO = NO;
				MTL_FAST_MATH = YES;
				SDKROOT = iphoneos;
				SWIFT_COMPILATION_MODE = wholemodule;
				SWIFT_OPTIMIZATION_LEVEL = "-O";
				VALIDATE_PRODUCT = YES;
			};
			name = Release;
		};
		3198B6EB29DB4DCA00907C9B /* Debug */ = {
			isa = XCBuildConfiguration;
			buildSettings = {
				ASSETCATALOG_COMPILER_APPICON_NAME = AppIcon;
				ASSETCATALOG_COMPILER_GLOBAL_ACCENT_COLOR_NAME = AccentColor;
				CODE_SIGN_STYLE = Automatic;
				CURRENT_PROJECT_VERSION = 1;
				DEVELOPMENT_TEAM = 6PVW3AXLGR;
				GENERATE_INFOPLIST_FILE = YES;
				INFOPLIST_FILE = WeatherForWeera/Resources/Info.plist;
				INFOPLIST_KEY_CFBundleDisplayName = WeatherForWeera;
				INFOPLIST_KEY_UIApplicationSupportsIndirectInputEvents = YES;
				INFOPLIST_KEY_UILaunchStoryboardName = LaunchScreen;
				INFOPLIST_KEY_UIMainStoryboardFile = Main;
				INFOPLIST_KEY_UISupportedInterfaceOrientations_iPad = "UIInterfaceOrientationPortrait UIInterfaceOrientationPortraitUpsideDown UIInterfaceOrientationLandscapeLeft UIInterfaceOrientationLandscapeRight";
				INFOPLIST_KEY_UISupportedInterfaceOrientations_iPhone = "UIInterfaceOrientationPortrait UIInterfaceOrientationLandscapeLeft UIInterfaceOrientationLandscapeRight";
				IPHONEOS_DEPLOYMENT_TARGET = 13.0;
				LD_RUNPATH_SEARCH_PATHS = (
					"$(inherited)",
					"@executable_path/Frameworks",
				);
				MARKETING_VERSION = 1.0;
				PRODUCT_BUNDLE_IDENTIFIER = com.WeatherForWeera;
				PRODUCT_NAME = "$(TARGET_NAME)";
				SUPPORTED_PLATFORMS = "iphoneos iphonesimulator";
				SUPPORTS_MACCATALYST = NO;
				SUPPORTS_MAC_DESIGNED_FOR_IPHONE_IPAD = NO;
				SWIFT_EMIT_LOC_STRINGS = YES;
				SWIFT_VERSION = 5.0;
				TARGETED_DEVICE_FAMILY = "1,2";
			};
			name = Debug;
		};
		3198B6EC29DB4DCA00907C9B /* Release */ = {
			isa = XCBuildConfiguration;
			buildSettings = {
				ASSETCATALOG_COMPILER_APPICON_NAME = AppIcon;
				ASSETCATALOG_COMPILER_GLOBAL_ACCENT_COLOR_NAME = AccentColor;
				CODE_SIGN_STYLE = Automatic;
				CURRENT_PROJECT_VERSION = 1;
				DEVELOPMENT_TEAM = 6PVW3AXLGR;
				GENERATE_INFOPLIST_FILE = YES;
				INFOPLIST_FILE = WeatherForWeera/Resources/Info.plist;
				INFOPLIST_KEY_CFBundleDisplayName = WeatherForWeera;
				INFOPLIST_KEY_UIApplicationSupportsIndirectInputEvents = YES;
				INFOPLIST_KEY_UILaunchStoryboardName = LaunchScreen;
				INFOPLIST_KEY_UIMainStoryboardFile = Main;
				INFOPLIST_KEY_UISupportedInterfaceOrientations_iPad = "UIInterfaceOrientationPortrait UIInterfaceOrientationPortraitUpsideDown UIInterfaceOrientationLandscapeLeft UIInterfaceOrientationLandscapeRight";
				INFOPLIST_KEY_UISupportedInterfaceOrientations_iPhone = "UIInterfaceOrientationPortrait UIInterfaceOrientationLandscapeLeft UIInterfaceOrientationLandscapeRight";
				IPHONEOS_DEPLOYMENT_TARGET = 13.0;
				LD_RUNPATH_SEARCH_PATHS = (
					"$(inherited)",
					"@executable_path/Frameworks",
				);
				MARKETING_VERSION = 1.0;
				PRODUCT_BUNDLE_IDENTIFIER = com.WeatherForWeera;
				PRODUCT_NAME = "$(TARGET_NAME)";
				SUPPORTED_PLATFORMS = "iphoneos iphonesimulator";
				SUPPORTS_MACCATALYST = NO;
				SUPPORTS_MAC_DESIGNED_FOR_IPHONE_IPAD = NO;
				SWIFT_EMIT_LOC_STRINGS = YES;
				SWIFT_VERSION = 5.0;
				TARGETED_DEVICE_FAMILY = "1,2";
			};
			name = Release;
		};
		3198B6EE29DB4DCA00907C9B /* Debug */ = {
			isa = XCBuildConfiguration;
			buildSettings = {
				ALWAYS_EMBED_SWIFT_STANDARD_LIBRARIES = YES;
				BUNDLE_LOADER = "$(TEST_HOST)";
				CODE_SIGN_STYLE = Automatic;
				CURRENT_PROJECT_VERSION = 1;
				DEVELOPMENT_TEAM = 6PVW3AXLGR;
				GENERATE_INFOPLIST_FILE = YES;
				IPHONEOS_DEPLOYMENT_TARGET = 16.2;
				MARKETING_VERSION = 1.0;
				PRODUCT_BUNDLE_IDENTIFIER = com.WeatherForWeeraTests;
				PRODUCT_NAME = "$(TARGET_NAME)";
				SWIFT_EMIT_LOC_STRINGS = NO;
				SWIFT_VERSION = 5.0;
				TARGETED_DEVICE_FAMILY = "1,2";
				TEST_HOST = "$(BUILT_PRODUCTS_DIR)/WeatherForWeera.app/$(BUNDLE_EXECUTABLE_FOLDER_PATH)/WeatherForWeera";
			};
			name = Debug;
		};
		3198B6EF29DB4DCA00907C9B /* Release */ = {
			isa = XCBuildConfiguration;
			buildSettings = {
				ALWAYS_EMBED_SWIFT_STANDARD_LIBRARIES = YES;
				BUNDLE_LOADER = "$(TEST_HOST)";
				CODE_SIGN_STYLE = Automatic;
				CURRENT_PROJECT_VERSION = 1;
				DEVELOPMENT_TEAM = 6PVW3AXLGR;
				GENERATE_INFOPLIST_FILE = YES;
				IPHONEOS_DEPLOYMENT_TARGET = 16.2;
				MARKETING_VERSION = 1.0;
				PRODUCT_BUNDLE_IDENTIFIER = com.WeatherForWeeraTests;
				PRODUCT_NAME = "$(TARGET_NAME)";
				SWIFT_EMIT_LOC_STRINGS = NO;
				SWIFT_VERSION = 5.0;
				TARGETED_DEVICE_FAMILY = "1,2";
				TEST_HOST = "$(BUILT_PRODUCTS_DIR)/WeatherForWeera.app/$(BUNDLE_EXECUTABLE_FOLDER_PATH)/WeatherForWeera";
			};
			name = Release;
		};
/* End XCBuildConfiguration section */

/* Begin XCConfigurationList section */
		3198B6BB29DB4DC800907C9B /* Build configuration list for PBXProject "WeatherForWeera" */ = {
			isa = XCConfigurationList;
			buildConfigurations = (
				3198B6E829DB4DCA00907C9B /* Debug */,
				3198B6E929DB4DCA00907C9B /* Release */,
			);
			defaultConfigurationIsVisible = 0;
			defaultConfigurationName = Release;
		};
		3198B6EA29DB4DCA00907C9B /* Build configuration list for PBXNativeTarget "WeatherForWeera" */ = {
			isa = XCConfigurationList;
			buildConfigurations = (
				3198B6EB29DB4DCA00907C9B /* Debug */,
				3198B6EC29DB4DCA00907C9B /* Release */,
			);
			defaultConfigurationIsVisible = 0;
			defaultConfigurationName = Release;
		};
		3198B6ED29DB4DCA00907C9B /* Build configuration list for PBXNativeTarget "WeatherForWeeraTests" */ = {
			isa = XCConfigurationList;
			buildConfigurations = (
				3198B6EE29DB4DCA00907C9B /* Debug */,
				3198B6EF29DB4DCA00907C9B /* Release */,
			);
			defaultConfigurationIsVisible = 0;
			defaultConfigurationName = Release;
		};
/* End XCConfigurationList section */
	};
	rootObject = 3198B6B829DB4DC800907C9B /* Project object */;
}
